certifi==2025.8.3 --hash=sha256:e564105f78ded564e3ae7c923924435e1daa7463faeab5bb932bc53ffae63407
charset-normalizer==3.4.3 --hash=sha256:00237675befef519d9af72169d8604a067d92755e84fe76492fef5441db05b91
click==8.1.0 --hash=sha256:19a4baa64da924c5e0cd889aba8e947f280309f1a2ce0947a3e3a7bcb7cc72d6
idna==3.10 --hash=sha256:12f65c9b470abda6dc35cf8e63cc574b1c52b11df2c86030af0ac09b01b13ea9
requests==2.31.0 --hash=sha256:58cd2187c01e70e6e26505bca751777aa9f2ee0b7f4300988b709f44e013003f
setuptools==69.5.1 --hash=sha256:6c1fccdac05a97e598fb0ae3bbed5904ccb317337a51139dcd51453611bbb987
urllib3==2.5.0 --hash=sha256:3fc47733c7e419d4bc3f6b3dc2b4f890bb743906a30d56ba4a5bfa4bbff92760
